
Microsoft Visual Studio Solution File, Format Version 12.00
# Visual Studio Version 17
VisualStudioVersion = 17.10.34928.147
MinimumVisualStudioVersion = 10.0.40219.1
Project("{FAE04EC0-301F-11D3-BF4B-00C04F79EFBC}") = "DemoCalculatorTest", "DemoCalculatorTest\DemoCalculatorTest.csproj", "{80B28607-4F0B-431A-9507-2ABD507D5F62}"
EndProject
Global
	GlobalSection(SolutionConfigurationPlatforms) = preSolution
		Debug|Any CPU = Debug|Any CPU
		Release|Any CPU = Release|Any CPU
	EndGlobalSection
	GlobalSection(ProjectConfigurationPlatforms) = postSolution
		{80B28607-4F0B-431A-9507-2ABD507D5F62}.Debug|Any CPU.ActiveCfg = Debug|Any CPU
		{80B28607-4F0B-431A-9507-2ABD507D5F62}.Debug|Any CPU.Build.0 = Debug|Any CPU
		{80B28607-4F0B-431A-9507-2ABD507D5F62}.Release|Any CPU.ActiveCfg = Release|Any CPU
		{80B28607-4F0B-431A-9507-2ABD507D5F62}.Release|Any CPU.Build.0 = Release|Any CPU
	EndGlobalSection
	GlobalSection(SolutionProperties) = preSolution
		HideSolutionNode = FALSE
	EndGlobalSection
	GlobalSection(ExtensibilityGlobals) = postSolution
		SolutionGuid = {2A9589FC-DA42-49E3-9DDD-43BD8E8C3004}
	EndGlobalSection
EndGlobal
