
Microsoft Visual Studio Solution File, Format Version 12.00
# Visual Studio Version 17
VisualStudioVersion = 17.10.34928.147
MinimumVisualStudioVersion = 10.0.40219.1
Project("{FAE04EC0-301F-11D3-BF4B-00C04F79EFBC}") = "MathQuiz", "MathQuiz.csproj", "{688A2E04-6743-4F16-89DE-5EA76267ECBA}"
EndProject
Global
	GlobalSection(SolutionConfigurationPlatforms) = preSolution
		Debug|Any CPU = Debug|Any CPU
		Release|Any CPU = Release|Any CPU
	EndGlobalSection
	GlobalSection(ProjectConfigurationPlatforms) = postSolution
		{688A2E04-6743-4F16-89DE-5EA76267ECBA}.Debug|Any CPU.ActiveCfg = Debug|Any CPU
		{688A2E04-6743-4F16-89DE-5EA76267ECBA}.Debug|Any CPU.Build.0 = Debug|Any CPU
		{688A2E04-6743-4F16-89DE-5EA76267ECBA}.Release|Any CPU.ActiveCfg = Release|Any CPU
		{688A2E04-6743-4F16-89DE-5EA76267ECBA}.Release|Any CPU.Build.0 = Release|Any CPU
	EndGlobalSection
	GlobalSection(SolutionProperties) = preSolution
		HideSolutionNode = FALSE
	EndGlobalSection
	GlobalSection(ExtensibilityGlobals) = postSolution
		SolutionGuid = {D3B31B9B-DA6C-4672-9345-E45B65BEDBE3}
	EndGlobalSection
EndGlobal
